// !$*UTF8*$!
{
	archiveVersion = 1;
	classes = {
	};
	objectVersion = 56;
	objects = {

/* Begin PBXBuildFile section */
		68C5171F2992C8980031472C /* AppDelegate.swift in Sources */ = {isa = PBXBuildFile; fileRef = 68C5171E2992C8980031472C /* AppDelegate.swift */; };
		68C517212992C8980031472C /* SceneDelegate.swift in Sources */ = {isa = PBXBuildFile; fileRef = 68C517202992C8980031472C /* SceneDelegate.swift */; };
		68C517232992C8980031472C /* ViewController.swift in Sources */ = {isa = PBXBuildFile; fileRef = 68C517222992C8980031472C /* ViewController.swift */; };
		68C517262992C8980031472C /* Main.storyboard in Resources */ = {isa = PBXBuildFile; fileRef = 68C517242992C8980031472C /* Main.storyboard */; };
		68C517282992C8990031472C /* Assets.xcassets in Resources */ = {isa = PBXBuildFile; fileRef = 68C517272992C8990031472C /* Assets.xcassets */; };
		68C5172B2992C8990031472C /* LaunchScreen.storyboard in Resources */ = {isa = PBXBuildFile; fileRef = 68C517292992C8990031472C /* LaunchScreen.storyboard */; };
		68C5174C2992C9390031472C /* bgBlue.png in Resources */ = {isa = PBXBuildFile; fileRef = 68C517342992C9390031472C /* bgBlue.png */; };
		68C5174D2992C9390031472C /* bgGreen.png in Resources */ = {isa = PBXBuildFile; fileRef = 68C517352992C9390031472C /* bgGreen.png */; };
		68C5174E2992C9390031472C /* gacha.png in Resources */ = {isa = PBXBuildFile; fileRef = 68C517362992C9390031472C /* gacha.png */; };
		68C5174F2992C9390031472C /* bgRed.png in Resources */ = {isa = PBXBuildFile; fileRef = 68C517372992C9390031472C /* bgRed.png */; };
		68C517502992C9390031472C /* Presentbox.png in Resources */ = {isa = PBXBuildFile; fileRef = 68C517382992C9390031472C /* Presentbox.png */; };
		68C517512992C9390031472C /* mediaArt.png in Resources */ = {isa = PBXBuildFile; fileRef = 68C5173A2992C9390031472C /* mediaArt.png */; };
		68C517522992C9390031472C /* digitalMusic.png in Resources */ = {isa = PBXBuildFile; fileRef = 68C5173B2992C9390031472C /* digitalMusic.png */; };
		68C517532992C9390031472C /* unity.png in Resources */ = {isa = PBXBuildFile; fileRef = 68C5173C2992C9390031472C /* unity.png */; };
		68C517542992C9390031472C /* designer.png in Resources */ = {isa = PBXBuildFile; fileRef = 68C5173D2992C9390031472C /* designer.png */; };
		68C517552992C9390031472C /* movie.png in Resources */ = {isa = PBXBuildFile; fileRef = 68C5173E2992C9390031472C /* movie.png */; };
		68C517562992C9390031472C /* animation.png in Resources */ = {isa = PBXBuildFile; fileRef = 68C5173F2992C9390031472C /* animation.png */; };
		68C517572992C9390031472C /* webService.png in Resources */ = {isa = PBXBuildFile; fileRef = 68C517402992C9390031472C /* webService.png */; };
		68C517582992C9390031472C /* android.png in Resources */ = {isa = PBXBuildFile; fileRef = 68C517412992C9390031472C /* android.png */; };
		68C517592992C9390031472C /* IoTMesh.png in Resources */ = {isa = PBXBuildFile; fileRef = 68C517422992C9390031472C /* IoTMesh.png */; };
		68C5175A2992C9390031472C /* minecraft.png in Resources */ = {isa = PBXBuildFile; fileRef = 68C517432992C9390031472C /* minecraft.png */; };
		68C5175B2992C9390031472C /* maya.png in Resources */ = {isa = PBXBuildFile; fileRef = 68C517442992C9390031472C /* maya.png */; };
		68C5175C2992C9390031472C /* iphone.png in Resources */ = {isa = PBXBuildFile; fileRef = 68C517452992C9390031472C /* iphone.png */; };
		68C5175D2992C9390031472C /* webDesign.png in Resources */ = {isa = PBXBuildFile; fileRef = 68C517462992C9390031472C /* webDesign.png */; };
		68C5175E2992C9390031472C /* README.txt in Resources */ = {isa = PBXBuildFile; fileRef = 68C517472992C9390031472C /* README.txt */; };
		68C5175F2992C9390031472C /* miku.png in Resources */ = {isa = PBXBuildFile; fileRef = 68C517482992C9390031472C /* miku.png */; };
		68C517602992C9390031472C /* 2DGame.png in Resources */ = {isa = PBXBuildFile; fileRef = 68C517492992C9390031472C /* 2DGame.png */; };
		68C517612992C9390031472C /* line.png in Resources */ = {isa = PBXBuildFile; fileRef = 68C5174A2992C9390031472C /* line.png */; };
		68C517622992C9390031472C /* camera.png in Resources */ = {isa = PBXBuildFile; fileRef = 68C5174B2992C9390031472C /* camera.png */; };
		68C517642992CB920031472C /* ResultViewController.swift in Sources */ = {isa = PBXBuildFile; fileRef = 68C517632992CB920031472C /* ResultViewController.swift */; };
/* End PBXBuildFile section */

/* Begin PBXFileReference section */
		68C5171B2992C8980031472C /* Gacha.app */ = {isa = PBXFileReference; explicitFileType = wrapper.application; includeInIndex = 0; path = Gacha.app; sourceTree = BUILT_PRODUCTS_DIR; };
		68C5171E2992C8980031472C /* AppDelegate.swift */ = {isa = PBXFileReference; lastKnownFileType = sourcecode.swift; path = AppDelegate.swift; sourceTree = "<group>"; };
		68C517202992C8980031472C /* SceneDelegate.swift */ = {isa = PBXFileReference; lastKnownFileType = sourcecode.swift; path = SceneDelegate.swift; sourceTree = "<group>"; };
		68C517222992C8980031472C /* ViewController.swift */ = {isa = PBXFileReference; lastKnownFileType = sourcecode.swift; path = ViewController.swift; sourceTree = "<group>"; };
		68C517252992C8980031472C /* Base */ = {isa = PBXFileReference; lastKnownFileType = file.storyboard; name = Base; path = Base.lproj/Main.storyboard; sourceTree = "<group>"; };
		68C517272992C8990031472C /* Assets.xcassets */ = {isa = PBXFileReference; lastKnownFileType = folder.assetcatalog; path = Assets.xcassets; sourceTree = "<group>"; };
		68C5172A2992C8990031472C /* Base */ = {isa = PBXFileReference; lastKnownFileType = file.storyboard; name = Base; path = Base.lproj/LaunchScreen.storyboard; sourceTree = "<group>"; };
		68C5172C2992C8990031472C /* Info.plist */ = {isa = PBXFileReference; lastKnownFileType = text.plist.xml; path = Info.plist; sourceTree = "<group>"; };
		68C517342992C9390031472C /* bgBlue.png */ = {isa = PBXFileReference; lastKnownFileType = image.png; path = bgBlue.png; sourceTree = "<group>"; };
		68C517352992C9390031472C /* bgGreen.png */ = {isa = PBXFileReference; lastKnownFileType = image.png; path = bgGreen.png; sourceTree = "<group>"; };
		68C517362992C9390031472C /* gacha.png */ = {isa = PBXFileReference; lastKnownFileType = image.png; path = gacha.png; sourceTree = "<group>"; };
		68C517372992C9390031472C /* bgRed.png */ = {isa = PBXFileReference; lastKnownFileType = image.png; path = bgRed.png; sourceTree = "<group>"; };
		68C517382992C9390031472C /* Presentbox.png */ = {isa = PBXFileReference; lastKnownFileType = image.png; path = Presentbox.png; sourceTree = "<group>"; };
		68C5173A2992C9390031472C /* mediaArt.png */ = {isa = PBXFileReference; lastKnownFileType = image.png; path = mediaArt.png; sourceTree = "<group>"; };
		68C5173B2992C9390031472C /* digitalMusic.png */ = {isa = PBXFileReference; lastKnownFileType = image.png; path = digitalMusic.png; sourceTree = "<group>"; };
		68C5173C2992C9390031472C /* unity.png */ = {isa = PBXFileReference; lastKnownFileType = image.png; path = unity.png; sourceTree = "<group>"; };
		68C5173D2992C9390031472C /* designer.png */ = {isa = PBXFileReference; lastKnownFileType = image.png; path = designer.png; sourceTree = "<group>"; };
		68C5173E2992C9390031472C /* movie.png */ = {isa = PBXFileReference; lastKnownFileType = image.png; path = movie.png; sourceTree = "<group>"; };
		68C5173F2992C9390031472C /* animation.png */ = {isa = PBXFileReference; lastKnownFileType = image.png; path = animation.png; sourceTree = "<group>"; };
		68C517402992C9390031472C /* webService.png */ = {isa = PBXFileReference; lastKnownFileType = image.png; path = webService.png; sourceTree = "<group>"; };
		68C517412992C9390031472C /* android.png */ = {isa = PBXFileReference; lastKnownFileType = image.png; path = android.png; sourceTree = "<group>"; };
		68C517422992C9390031472C /* IoTMesh.png */ = {isa = PBXFileReference; lastKnownFileType = image.png; path = IoTMesh.png; sourceTree = "<group>"; };
		68C517432992C9390031472C /* minecraft.png */ = {isa = PBXFileReference; lastKnownFileType = image.png; path = minecraft.png; sourceTree = "<group>"; };
		68C517442992C9390031472C /* maya.png */ = {isa = PBXFileReference; lastKnownFileType = image.png; path = maya.png; sourceTree = "<group>"; };
		68C517452992C9390031472C /* iphone.png */ = {isa = PBXFileReference; lastKnownFileType = image.png; path = iphone.png; sourceTree = "<group>"; };
		68C517462992C9390031472C /* webDesign.png */ = {isa = PBXFileReference; lastKnownFileType = image.png; path = webDesign.png; sourceTree = "<group>"; };
		68C517472992C9390031472C /* README.txt */ = {isa = PBXFileReference; fileEncoding = 4; lastKnownFileType = text; path = README.txt; sourceTree = "<group>"; };
		68C517482992C9390031472C /* miku.png */ = {isa = PBXFileReference; lastKnownFileType = image.png; path = miku.png; sourceTree = "<group>"; };
		68C517492992C9390031472C /* 2DGame.png */ = {isa = PBXFileReference; lastKnownFileType = image.png; path = 2DGame.png; sourceTree = "<group>"; };
		68C5174A2992C9390031472C /* line.png */ = {isa = PBXFileReference; lastKnownFileType = image.png; path = line.png; sourceTree = "<group>"; };
		68C5174B2992C9390031472C /* camera.png */ = {isa = PBXFileReference; lastKnownFileType = image.png; path = camera.png; sourceTree = "<group>"; };
		68C517632992CB920031472C /* ResultViewController.swift */ = {isa = PBXFileReference; lastKnownFileType = sourcecode.swift; path = ResultViewController.swift; sourceTree = "<group>"; };
/* End PBXFileReference section */

/* Begin PBXFrameworksBuildPhase section */
		68C517182992C8980031472C /* Frameworks */ = {
			isa = PBXFrameworksBuildPhase;
			buildActionMask = 2147483647;
			files = (
			);
			runOnlyForDeploymentPostprocessing = 0;
		};
/* End PBXFrameworksBuildPhase section */

/* Begin PBXGroup section */
		68C517122992C8980031472C = {
			isa = PBXGroup;
			children = (
				68C5171D2992C8980031472C /* Gacha */,
				68C5171C2992C8980031472C /* Products */,
			);
			sourceTree = "<group>";
		};
		68C5171C2992C8980031472C /* Products */ = {
			isa = PBXGroup;
			children = (
				68C5171B2992C8980031472C /* Gacha.app */,
			);
			name = Products;
			sourceTree = "<group>";
		};
		68C5171D2992C8980031472C /* Gacha */ = {
			isa = PBXGroup;
			children = (
				68C5171E2992C8980031472C /* AppDelegate.swift */,
				68C517202992C8980031472C /* SceneDelegate.swift */,
				68C517222992C8980031472C /* ViewController.swift */,
				68C517242992C8980031472C /* Main.storyboard */,
				68C517272992C8990031472C /* Assets.xcassets */,
				68C517292992C8990031472C /* LaunchScreen.storyboard */,
				68C5172C2992C8990031472C /* Info.plist */,
				68C517322992C9390031472C /* GachaResources */,
				68C517632992CB920031472C /* ResultViewController.swift */,
			);
			path = Gacha;
			sourceTree = "<group>";
		};
		68C517322992C9390031472C /* GachaResources */ = {
			isa = PBXGroup;
			children = (
				68C517332992C9390031472C /* background */,
				68C517392992C9390031472C /* character */,
			);
			path = GachaResources;
			sourceTree = "<group>";
		};
		68C517332992C9390031472C /* background */ = {
			isa = PBXGroup;
			children = (
				68C517342992C9390031472C /* bgBlue.png */,
				68C517352992C9390031472C /* bgGreen.png */,
				68C517362992C9390031472C /* gacha.png */,
				68C517372992C9390031472C /* bgRed.png */,
				68C517382992C9390031472C /* Presentbox.png */,
			);
			path = background;
			sourceTree = "<group>";
		};
		68C517392992C9390031472C /* character */ = {
			isa = PBXGroup;
			children = (
				68C5173A2992C9390031472C /* mediaArt.png */,
				68C5173B2992C9390031472C /* digitalMusic.png */,
				68C5173C2992C9390031472C /* unity.png */,
				68C5173D2992C9390031472C /* designer.png */,
				68C5173E2992C9390031472C /* movie.png */,
				68C5173F2992C9390031472C /* animation.png */,
				68C517402992C9390031472C /* webService.png */,
				68C517412992C9390031472C /* android.png */,
				68C517422992C9390031472C /* IoTMesh.png */,
				68C517432992C9390031472C /* minecraft.png */,
				68C517442992C9390031472C /* maya.png */,
				68C517452992C9390031472C /* iphone.png */,
				68C517462992C9390031472C /* webDesign.png */,
				68C517472992C9390031472C /* README.txt */,
				68C517482992C9390031472C /* miku.png */,
				68C517492992C9390031472C /* 2DGame.png */,
				68C5174A2992C9390031472C /* line.png */,
				68C5174B2992C9390031472C /* camera.png */,
			);
			path = character;
			sourceTree = "<group>";
		};
/* End PBXGroup section */

/* Begin PBXNativeTarget section */
		68C5171A2992C8980031472C /* Gacha */ = {
			isa = PBXNativeTarget;
			buildConfigurationList = 68C5172F2992C8990031472C /* Build configuration list for PBXNativeTarget "Gacha" */;
			buildPhases = (
				68C517172992C8980031472C /* Sources */,
				68C517182992C8980031472C /* Frameworks */,
				68C517192992C8980031472C /* Resources */,
			);
			buildRules = (
			);
			dependencies = (
			);
			name = Gacha;
			productName = Gacha;
			productReference = 68C5171B2992C8980031472C /* Gacha.app */;
			productType = "com.apple.product-type.application";
		};
/* End PBXNativeTarget section */

/* Begin PBXProject section */
		68C517132992C8980031472C /* Project object */ = {
			isa = PBXProject;
			attributes = {
				BuildIndependentTargetsInParallel = 1;
				LastSwiftUpdateCheck = 1420;
				LastUpgradeCheck = 1420;
				TargetAttributes = {
					68C5171A2992C8980031472C = {
						CreatedOnToolsVersion = 14.2;
					};
				};
			};
			buildConfigurationList = 68C517162992C8980031472C /* Build configuration list for PBXProject "Gacha" */;
			compatibilityVersion = "Xcode 14.0";
			developmentRegion = en;
			hasScannedForEncodings = 0;
			knownRegions = (
				en,
				Base,
			);
			mainGroup = 68C517122992C8980031472C;
			productRefGroup = 68C5171C2992C8980031472C /* Products */;
			projectDirPath = "";
			projectRoot = "";
			targets = (
				68C5171A2992C8980031472C /* Gacha */,
			);
		};
/* End PBXProject section */

/* Begin PBXResourcesBuildPhase section */
		68C517192992C8980031472C /* Resources */ = {
			isa = PBXResourcesBuildPhase;
			buildActionMask = 2147483647;
			files = (
				68C5172B2992C8990031472C /* LaunchScreen.storyboard in Resources */,
				68C517512992C9390031472C /* mediaArt.png in Resources */,
				68C5175E2992C9390031472C /* README.txt in Resources */,
				68C517522992C9390031472C /* digitalMusic.png in Resources */,
				68C5174F2992C9390031472C /* bgRed.png in Resources */,
				68C517552992C9390031472C /* movie.png in Resources */,
				68C517622992C9390031472C /* camera.png in Resources */,
				68C5175A2992C9390031472C /* minecraft.png in Resources */,
				68C5175D2992C9390031472C /* webDesign.png in Resources */,
				68C517542992C9390031472C /* designer.png in Resources */,
				68C517572992C9390031472C /* webService.png in Resources */,
				68C517282992C8990031472C /* Assets.xcassets in Resources */,
				68C517502992C9390031472C /* Presentbox.png in Resources */,
				68C517532992C9390031472C /* unity.png in Resources */,
				68C517602992C9390031472C /* 2DGame.png in Resources */,
				68C517592992C9390031472C /* IoTMesh.png in Resources */,
				68C5175C2992C9390031472C /* iphone.png in Resources */,
				68C517612992C9390031472C /* line.png in Resources */,
				68C5175B2992C9390031472C /* maya.png in Resources */,
				68C5175F2992C9390031472C /* miku.png in Resources */,
				68C5174D2992C9390031472C /* bgGreen.png in Resources */,
				68C5174C2992C9390031472C /* bgBlue.png in Resources */,
				68C5174E2992C9390031472C /* gacha.png in Resources */,
				68C517562992C9390031472C /* animation.png in Resources */,
				68C517262992C8980031472C /* Main.storyboard in Resources */,
				68C517582992C9390031472C /* android.png in Resources */,
			);
			runOnlyForDeploymentPostprocessing = 0;
		};
/* End PBXResourcesBuildPhase section */

/* Begin PBXSourcesBuildPhase section */
		68C517172992C8980031472C /* Sources */ = {
			isa = PBXSourcesBuildPhase;
			buildActionMask = 2147483647;
			files = (
				68C517232992C8980031472C /* ViewController.swift in Sources */,
				68C5171F2992C8980031472C /* AppDelegate.swift in Sources */,
				68C517212992C8980031472C /* SceneDelegate.swift in Sources */,
				68C517642992CB920031472C /* ResultViewController.swift in Sources */,
			);
			runOnlyForDeploymentPostprocessing = 0;
		};
/* End PBXSourcesBuildPhase section */

/* Begin PBXVariantGroup section */
		68C517242992C8980031472C /* Main.storyboard */ = {
			isa = PBXVariantGroup;
			children = (
				68C517252992C8980031472C /* Base */,
			);
			name = Main.storyboard;
			sourceTree = "<group>";
		};
		68C517292992C8990031472C /* LaunchScreen.storyboard */ = {
			isa = PBXVariantGroup;
			children = (
				68C5172A2992C8990031472C /* Base */,
			);
			name = LaunchScreen.storyboard;
			sourceTree = "<group>";
		};
/* End PBXVariantGroup section */

/* Begin XCBuildConfiguration section */
		68C5172D2992C8990031472C /* Debug */ = {
			isa = XCBuildConfiguration;
			buildSettings = {
				ALWAYS_SEARCH_USER_PATHS = NO;
				CLANG_ANALYZER_NONNULL = YES;
				CLANG_ANALYZER_NUMBER_OBJECT_CONVERSION = YES_AGGRESSIVE;
				CLANG_CXX_LANGUAGE_STANDARD = "gnu++20";
				CLANG_ENABLE_MODULES = YES;
				CLANG_ENABLE_OBJC_ARC = YES;
				CLANG_ENABLE_OBJC_WEAK = YES;
				CLANG_WARN_BLOCK_CAPTURE_AUTORELEASING = YES;
				CLANG_WARN_BOOL_CONVERSION = YES;
				CLANG_WARN_COMMA = YES;
				CLANG_WARN_CONSTANT_CONVERSION = YES;
				CLANG_WARN_DEPRECATED_OBJC_IMPLEMENTATIONS = YES;
				CLANG_WARN_DIRECT_OBJC_ISA_USAGE = YES_ERROR;
				CLANG_WARN_DOCUMENTATION_COMMENTS = YES;
				CLANG_WARN_EMPTY_BODY = YES;
				CLANG_WARN_ENUM_CONVERSION = YES;
				CLANG_WARN_INFINITE_RECURSION = YES;
				CLANG_WARN_INT_CONVERSION = YES;
				CLANG_WARN_NON_LITERAL_NULL_CONVERSION = YES;
				CLANG_WARN_OBJC_IMPLICIT_RETAIN_SELF = YES;
				CLANG_WARN_OBJC_LITERAL_CONVERSION = YES;
				CLANG_WARN_OBJC_ROOT_CLASS = YES_ERROR;
				CLANG_WARN_QUOTED_INCLUDE_IN_FRAMEWORK_HEADER = YES;
				CLANG_WARN_RANGE_LOOP_ANALYSIS = YES;
				CLANG_WARN_STRICT_PROTOTYPES = YES;
				CLANG_WARN_SUSPICIOUS_MOVE = YES;
				CLANG_WARN_UNGUARDED_AVAILABILITY = YES_AGGRESSIVE;
				CLANG_WARN_UNREACHABLE_CODE = YES;
				CLANG_WARN__DUPLICATE_METHOD_MATCH = YES;
				COPY_PHASE_STRIP = NO;
				DEBUG_INFORMATION_FORMAT = dwarf;
				ENABLE_STRICT_OBJC_MSGSEND = YES;
				ENABLE_TESTABILITY = YES;
				GCC_C_LANGUAGE_STANDARD = gnu11;
				GCC_DYNAMIC_NO_PIC = NO;
				GCC_NO_COMMON_BLOCKS = YES;
				GCC_OPTIMIZATION_LEVEL = 0;
				GCC_PREPROCESSOR_DEFINITIONS = (
					"DEBUG=1",
					"$(inherited)",
				);
				GCC_WARN_64_TO_32_BIT_CONVERSION = YES;
				GCC_WARN_ABOUT_RETURN_TYPE = YES_ERROR;
				GCC_WARN_UNDECLARED_SELECTOR = YES;
				GCC_WARN_UNINITIALIZED_AUTOS = YES_AGGRESSIVE;
				GCC_WARN_UNUSED_FUNCTION = YES;
				GCC_WARN_UNUSED_VARIABLE = YES;
				IPHONEOS_DEPLOYMENT_TARGET = 16.2;
				MTL_ENABLE_DEBUG_INFO = INCLUDE_SOURCE;
				MTL_FAST_MATH = YES;
				ONLY_ACTIVE_ARCH = YES;
				SDKROOT = iphoneos;
				SWIFT_ACTIVE_COMPILATION_CONDITIONS = DEBUG;
				SWIFT_OPTIMIZATION_LEVEL = "-Onone";
			};
			name = Debug;
		};
		68C5172E2992C8990031472C /* Release */ = {
			isa = XCBuildConfiguration;
			buildSettings = {
				ALWAYS_SEARCH_USER_PATHS = NO;
				CLANG_ANALYZER_NONNULL = YES;
				CLANG_ANALYZER_NUMBER_OBJECT_CONVERSION = YES_AGGRESSIVE;
				CLANG_CXX_LANGUAGE_STANDARD = "gnu++20";
				CLANG_ENABLE_MODULES = YES;
				CLANG_ENABLE_OBJC_ARC = YES;
				CLANG_ENABLE_OBJC_WEAK = YES;
				CLANG_WARN_BLOCK_CAPTURE_AUTORELEASING = YES;
				CLANG_WARN_BOOL_CONVERSION = YES;
				CLANG_WARN_COMMA = YES;
				CLANG_WARN_CONSTANT_CONVERSION = YES;
				CLANG_WARN_DEPRECATED_OBJC_IMPLEMENTATIONS = YES;
				CLANG_WARN_DIRECT_OBJC_ISA_USAGE = YES_ERROR;
				CLANG_WARN_DOCUMENTATION_COMMENTS = YES;
				CLANG_WARN_EMPTY_BODY = YES;
				CLANG_WARN_ENUM_CONVERSION = YES;
				CLANG_WARN_INFINITE_RECURSION = YES;
				CLANG_WARN_INT_CONVERSION = YES;
				CLANG_WARN_NON_LITERAL_NULL_CONVERSION = YES;
				CLANG_WARN_OBJC_IMPLICIT_RETAIN_SELF = YES;
				CLANG_WARN_OBJC_LITERAL_CONVERSION = YES;
				CLANG_WARN_OBJC_ROOT_CLASS = YES_ERROR;
				CLANG_WARN_QUOTED_INCLUDE_IN_FRAMEWORK_HEADER = YES;
				CLANG_WARN_RANGE_LOOP_ANALYSIS = YES;
				CLANG_WARN_STRICT_PROTOTYPES = YES;
				CLANG_WARN_SUSPICIOUS_MOVE = YES;
				CLANG_WARN_UNGUARDED_AVAILABILITY = YES_AGGRESSIVE;
				CLANG_WARN_UNREACHABLE_CODE = YES;
				CLANG_WARN__DUPLICATE_METHOD_MATCH = YES;
				COPY_PHASE_STRIP = NO;
				DEBUG_INFORMATION_FORMAT = "dwarf-with-dsym";
				ENABLE_NS_ASSERTIONS = NO;
				ENABLE_STRICT_OBJC_MSGSEND = YES;
				GCC_C_LANGUAGE_STANDARD = gnu11;
				GCC_NO_COMMON_BLOCKS = YES;
				GCC_WARN_64_TO_32_BIT_CONVERSION = YES;
				GCC_WARN_ABOUT_RETURN_TYPE = YES_ERROR;
				GCC_WARN_UNDECLARED_SELECTOR = YES;
				GCC_WARN_UNINITIALIZED_AUTOS = YES_AGGRESSIVE;
				GCC_WARN_UNUSED_FUNCTION = YES;
				GCC_WARN_UNUSED_VARIABLE = YES;
				IPHONEOS_DEPLOYMENT_TARGET = 16.2;
				MTL_ENABLE_DEBUG_INFO = NO;
				MTL_FAST_MATH = YES;
				SDKROOT = iphoneos;
				SWIFT_COMPILATION_MODE = wholemodule;
				SWIFT_OPTIMIZATION_LEVEL = "-O";
				VALIDATE_PRODUCT = YES;
			};
			name = Release;
		};
		68C517302992C8990031472C /* Debug */ = {
			isa = XCBuildConfiguration;
			buildSettings = {
				ASSETCATALOG_COMPILER_APPICON_NAME = AppIcon;
				ASSETCATALOG_COMPILER_GLOBAL_ACCENT_COLOR_NAME = AccentColor;
				CODE_SIGN_STYLE = Automatic;
				CURRENT_PROJECT_VERSION = 1;
				GENERATE_INFOPLIST_FILE = YES;
				INFOPLIST_FILE = Gacha/Info.plist;
				INFOPLIST_KEY_UIApplicationSupportsIndirectInputEvents = YES;
				INFOPLIST_KEY_UILaunchStoryboardName = LaunchScreen;
				INFOPLIST_KEY_UIMainStoryboardFile = Main;
				INFOPLIST_KEY_UISupportedInterfaceOrientations_iPad = "UIInterfaceOrientationPortrait UIInterfaceOrientationPortraitUpsideDown UIInterfaceOrientationLandscapeLeft UIInterfaceOrientationLandscapeRight";
				INFOPLIST_KEY_UISupportedInterfaceOrientations_iPhone = "UIInterfaceOrientationPortrait UIInterfaceOrientationLandscapeLeft UIInterfaceOrientationLandscapeRight";
				LD_RUNPATH_SEARCH_PATHS = (
					"$(inherited)",
					"@executable_path/Frameworks",
				);
				MARKETING_VERSION = 1.0;
				PRODUCT_BUNDLE_IDENTIFIER = app.Kimura.Sheep.Gacha;
				PRODUCT_NAME = "$(TARGET_NAME)";
				SWIFT_EMIT_LOC_STRINGS = YES;
				SWIFT_VERSION = 5.0;
				TARGETED_DEVICE_FAMILY = "1,2";
			};
			name = Debug;
		};
		68C517312992C8990031472C /* Release */ = {
			isa = XCBuildConfiguration;
			buildSettings = {
				ASSETCATALOG_COMPILER_APPICON_NAME = AppIcon;
				ASSETCATALOG_COMPILER_GLOBAL_ACCENT_COLOR_NAME = AccentColor;
				CODE_SIGN_STYLE = Automatic;
				CURRENT_PROJECT_VERSION = 1;
				GENERATE_INFOPLIST_FILE = YES;
				INFOPLIST_FILE = Gacha/Info.plist;
				INFOPLIST_KEY_UIApplicationSupportsIndirectInputEvents = YES;
				INFOPLIST_KEY_UILaunchStoryboardName = LaunchScreen;
				INFOPLIST_KEY_UIMainStoryboardFile = Main;
				INFOPLIST_KEY_UISupportedInterfaceOrientations_iPad = "UIInterfaceOrientationPortrait UIInterfaceOrientationPortraitUpsideDown UIInterfaceOrientationLandscapeLeft UIInterfaceOrientationLandscapeRight";
				INFOPLIST_KEY_UISupportedInterfaceOrientations_iPhone = "UIInterfaceOrientationPortrait UIInterfaceOrientationLandscapeLeft UIInterfaceOrientationLandscapeRight";
				LD_RUNPATH_SEARCH_PATHS = (
					"$(inherited)",
					"@executable_path/Frameworks",
				);
				MARKETING_VERSION = 1.0;
				PRODUCT_BUNDLE_IDENTIFIER = app.Kimura.Sheep.Gacha;
				PRODUCT_NAME = "$(TARGET_NAME)";
				SWIFT_EMIT_LOC_STRINGS = YES;
				SWIFT_VERSION = 5.0;
				TARGETED_DEVICE_FAMILY = "1,2";
			};
			name = Release;
		};
/* End XCBuildConfiguration section */

/* Begin XCConfigurationList section */
		68C517162992C8980031472C /* Build configuration list for PBXProject "Gacha" */ = {
			isa = XCConfigurationList;
			buildConfigurations = (
				68C5172D2992C8990031472C /* Debug */,
				68C5172E2992C8990031472C /* Release */,
			);
			defaultConfigurationIsVisible = 0;
			defaultConfigurationName = Release;
		};
		68C5172F2992C8990031472C /* Build configuration list for PBXNativeTarget "Gacha" */ = {
			isa = XCConfigurationList;
			buildConfigurations = (
				68C517302992C8990031472C /* Debug */,
				68C517312992C8990031472C /* Release */,
			);
			defaultConfigurationIsVisible = 0;
			defaultConfigurationName = Release;
		};
/* End XCConfigurationList section */
	};
	rootObject = 68C517132992C8980031472C /* Project object */;
}
